// !$*UTF8*$!
{
	archiveVersion = 1;
	classes = {
	};
	objectVersion = 56;
	objects = {

/* Begin PBXBuildFile section */
		CF85C2CB2A76E49F0097B152 /* AppDelegate.swift in Sources */ = {isa = PBXBuildFile; fileRef = CF85C2CA2A76E49F0097B152 /* AppDelegate.swift */; };
		CF85C2CD2A76E49F0097B152 /* SceneDelegate.swift in Sources */ = {isa = PBXBuildFile; fileRef = CF85C2CC2A76E49F0097B152 /* SceneDelegate.swift */; };
		CF85C2CF2A76E49F0097B152 /* ViewController.swift in Sources */ = {isa = PBXBuildFile; fileRef = CF85C2CE2A76E49F0097B152 /* ViewController.swift */; };
		CF85C2D22A76E49F0097B152 /* Main.storyboard in Resources */ = {isa = PBXBuildFile; fileRef = CF85C2D02A76E49F0097B152 /* Main.storyboard */; };
		CF85C2D52A76E49F0097B152 /* Latest_News.xcdatamodeld in Sources */ = {isa = PBXBuildFile; fileRef = CF85C2D32A76E49F0097B152 /* Latest_News.xcdatamodeld */; };
		CF85C2D72A76E4A30097B152 /* Assets.xcassets in Resources */ = {isa = PBXBuildFile; fileRef = CF85C2D62A76E4A30097B152 /* Assets.xcassets */; };
		CF85C2DA2A76E4A30097B152 /* LaunchScreen.storyboard in Resources */ = {isa = PBXBuildFile; fileRef = CF85C2D82A76E4A30097B152 /* LaunchScreen.storyboard */; };
		CF85C2E52A76E4A40097B152 /* Latest_NewsTests.swift in Sources */ = {isa = PBXBuildFile; fileRef = CF85C2E42A76E4A40097B152 /* Latest_NewsTests.swift */; };
		CF85C2EF2A76E4A40097B152 /* Latest_NewsUITests.swift in Sources */ = {isa = PBXBuildFile; fileRef = CF85C2EE2A76E4A40097B152 /* Latest_NewsUITests.swift */; };
		CF85C2F12A76E4A40097B152 /* Latest_NewsUITestsLaunchTests.swift in Sources */ = {isa = PBXBuildFile; fileRef = CF85C2F02A76E4A40097B152 /* Latest_NewsUITestsLaunchTests.swift */; };
/* End PBXBuildFile section */

/* Begin PBXContainerItemProxy section */
		CF85C2E12A76E4A40097B152 /* PBXContainerItemProxy */ = {
			isa = PBXContainerItemProxy;
			containerPortal = CF85C2BF2A76E49F0097B152 /* Project object */;
			proxyType = 1;
			remoteGlobalIDString = CF85C2C62A76E49F0097B152;
			remoteInfo = "Latest News";
		};
		CF85C2EB2A76E4A40097B152 /* PBXContainerItemProxy */ = {
			isa = PBXContainerItemProxy;
			containerPortal = CF85C2BF2A76E49F0097B152 /* Project object */;
			proxyType = 1;
			remoteGlobalIDString = CF85C2C62A76E49F0097B152;
			remoteInfo = "Latest News";
		};
/* End PBXContainerItemProxy section */

/* Begin PBXFileReference section */
		CF85C2C72A76E49F0097B152 /* Latest News.app */ = {isa = PBXFileReference; explicitFileType = wrapper.application; includeInIndex = 0; path = "Latest News.app"; sourceTree = BUILT_PRODUCTS_DIR; };
		CF85C2CA2A76E49F0097B152 /* AppDelegate.swift */ = {isa = PBXFileReference; lastKnownFileType = sourcecode.swift; path = AppDelegate.swift; sourceTree = "<group>"; };
		CF85C2CC2A76E49F0097B152 /* SceneDelegate.swift */ = {isa = PBXFileReference; lastKnownFileType = sourcecode.swift; path = SceneDelegate.swift; sourceTree = "<group>"; };
		CF85C2CE2A76E49F0097B152 /* ViewController.swift */ = {isa = PBXFileReference; lastKnownFileType = sourcecode.swift; path = ViewController.swift; sourceTree = "<group>"; };
		CF85C2D12A76E49F0097B152 /* Base */ = {isa = PBXFileReference; lastKnownFileType = file.storyboard; name = Base; path = Base.lproj/Main.storyboard; sourceTree = "<group>"; };
		CF85C2D42A76E49F0097B152 /* Latest_News.xcdatamodel */ = {isa = PBXFileReference; lastKnownFileType = wrapper.xcdatamodel; path = Latest_News.xcdatamodel; sourceTree = "<group>"; };
		CF85C2D62A76E4A30097B152 /* Assets.xcassets */ = {isa = PBXFileReference; lastKnownFileType = folder.assetcatalog; path = Assets.xcassets; sourceTree = "<group>"; };
		CF85C2D92A76E4A30097B152 /* Base */ = {isa = PBXFileReference; lastKnownFileType = file.storyboard; name = Base; path = Base.lproj/LaunchScreen.storyboard; sourceTree = "<group>"; };
		CF85C2DB2A76E4A30097B152 /* Info.plist */ = {isa = PBXFileReference; lastKnownFileType = text.plist.xml; path = Info.plist; sourceTree = "<group>"; };
		CF85C2E02A76E4A40097B152 /* Latest NewsTests.xctest */ = {isa = PBXFileReference; explicitFileType = wrapper.cfbundle; includeInIndex = 0; path = "Latest NewsTests.xctest"; sourceTree = BUILT_PRODUCTS_DIR; };
		CF85C2E42A76E4A40097B152 /* Latest_NewsTests.swift */ = {isa = PBXFileReference; lastKnownFileType = sourcecode.swift; path = Latest_NewsTests.swift; sourceTree = "<group>"; };
		CF85C2EA2A76E4A40097B152 /* Latest NewsUITests.xctest */ = {isa = PBXFileReference; explicitFileType = wrapper.cfbundle; includeInIndex = 0; path = "Latest NewsUITests.xctest"; sourceTree = BUILT_PRODUCTS_DIR; };
		CF85C2EE2A76E4A40097B152 /* Latest_NewsUITests.swift */ = {isa = PBXFileReference; lastKnownFileType = sourcecode.swift; path = Latest_NewsUITests.swift; sourceTree = "<group>"; };
		CF85C2F02A76E4A40097B152 /* Latest_NewsUITestsLaunchTests.swift */ = {isa = PBXFileReference; lastKnownFileType = sourcecode.swift; path = Latest_NewsUITestsLaunchTests.swift; sourceTree = "<group>"; };
/* End PBXFileReference section */

/* Begin PBXFrameworksBuildPhase section */
		CF85C2C42A76E49F0097B152 /* Frameworks */ = {
			isa = PBXFrameworksBuildPhase;
			buildActionMask = 2147483647;
			files = (
			);
			runOnlyForDeploymentPostprocessing = 0;
		};
		CF85C2DD2A76E4A40097B152 /* Frameworks */ = {
			isa = PBXFrameworksBuildPhase;
			buildActionMask = 2147483647;
			files = (
			);
			runOnlyForDeploymentPostprocessing = 0;
		};
		CF85C2E72A76E4A40097B152 /* Frameworks */ = {
			isa = PBXFrameworksBuildPhase;
			buildActionMask = 2147483647;
			files = (
			);
			runOnlyForDeploymentPostprocessing = 0;
		};
/* End PBXFrameworksBuildPhase section */

/* Begin PBXGroup section */
		CF85C2BE2A76E49F0097B152 = {
			isa = PBXGroup;
			children = (
				CF85C2C92A76E49F0097B152 /* Latest News */,
				CF85C2E32A76E4A40097B152 /* Latest NewsTests */,
				CF85C2ED2A76E4A40097B152 /* Latest NewsUITests */,
				CF85C2C82A76E49F0097B152 /* Products */,
			);
			sourceTree = "<group>";
		};
		CF85C2C82A76E49F0097B152 /* Products */ = {
			isa = PBXGroup;
			children = (
				CF85C2C72A76E49F0097B152 /* Latest News.app */,
				CF85C2E02A76E4A40097B152 /* Latest NewsTests.xctest */,
				CF85C2EA2A76E4A40097B152 /* Latest NewsUITests.xctest */,
			);
			name = Products;
			sourceTree = "<group>";
		};
		CF85C2C92A76E49F0097B152 /* Latest News */ = {
			isa = PBXGroup;
			children = (
				CF85C2CA2A76E49F0097B152 /* AppDelegate.swift */,
				CF85C2CC2A76E49F0097B152 /* SceneDelegate.swift */,
				CF85C2CE2A76E49F0097B152 /* ViewController.swift */,
				CF85C2D02A76E49F0097B152 /* Main.storyboard */,
				CF85C2D62A76E4A30097B152 /* Assets.xcassets */,
				CF85C2D82A76E4A30097B152 /* LaunchScreen.storyboard */,
				CF85C2DB2A76E4A30097B152 /* Info.plist */,
				CF85C2D32A76E49F0097B152 /* Latest_News.xcdatamodeld */,
			);
			path = "Latest News";
			sourceTree = "<group>";
		};
		CF85C2E32A76E4A40097B152 /* Latest NewsTests */ = {
			isa = PBXGroup;
			children = (
				CF85C2E42A76E4A40097B152 /* Latest_NewsTests.swift */,
			);
			path = "Latest NewsTests";
			sourceTree = "<group>";
		};
		CF85C2ED2A76E4A40097B152 /* Latest NewsUITests */ = {
			isa = PBXGroup;
			children = (
				CF85C2EE2A76E4A40097B152 /* Latest_NewsUITests.swift */,
				CF85C2F02A76E4A40097B152 /* Latest_NewsUITestsLaunchTests.swift */,
			);
			path = "Latest NewsUITests";
			sourceTree = "<group>";
		};
/* End PBXGroup section */

/* Begin PBXNativeTarget section */
		CF85C2C62A76E49F0097B152 /* Latest News */ = {
			isa = PBXNativeTarget;
			buildConfigurationList = CF85C2F42A76E4A40097B152 /* Build configuration list for PBXNativeTarget "Latest News" */;
			buildPhases = (
				CF85C2C32A76E49F0097B152 /* Sources */,
				CF85C2C42A76E49F0097B152 /* Frameworks */,
				CF85C2C52A76E49F0097B152 /* Resources */,
			);
			buildRules = (
			);
			dependencies = (
			);
			name = "Latest News";
			productName = "Latest News";
			productReference = CF85C2C72A76E49F0097B152 /* Latest News.app */;
			productType = "com.apple.product-type.application";
		};
		CF85C2DF2A76E4A40097B152 /* Latest NewsTests */ = {
			isa = PBXNativeTarget;
			buildConfigurationList = CF85C2F72A76E4A40097B152 /* Build configuration list for PBXNativeTarget "Latest NewsTests" */;
			buildPhases = (
				CF85C2DC2A76E4A40097B152 /* Sources */,
				CF85C2DD2A76E4A40097B152 /* Frameworks */,
				CF85C2DE2A76E4A40097B152 /* Resources */,
			);
			buildRules = (
			);
			dependencies = (
				CF85C2E22A76E4A40097B152 /* PBXTargetDependency */,
			);
			name = "Latest NewsTests";
			productName = "Latest NewsTests";
			productReference = CF85C2E02A76E4A40097B152 /* Latest NewsTests.xctest */;
			productType = "com.apple.product-type.bundle.unit-test";
		};
		CF85C2E92A76E4A40097B152 /* Latest NewsUITests */ = {
			isa = PBXNativeTarget;
			buildConfigurationList = CF85C2FA2A76E4A40097B152 /* Build configuration list for PBXNativeTarget "Latest NewsUITests" */;
			buildPhases = (
				CF85C2E62A76E4A40097B152 /* Sources */,
				CF85C2E72A76E4A40097B152 /* Frameworks */,
				CF85C2E82A76E4A40097B152 /* Resources */,
			);
			buildRules = (
			);
			dependencies = (
				CF85C2EC2A76E4A40097B152 /* PBXTargetDependency */,
			);
			name = "Latest NewsUITests";
			productName = "Latest NewsUITests";
			productReference = CF85C2EA2A76E4A40097B152 /* Latest NewsUITests.xctest */;
			productType = "com.apple.product-type.bundle.ui-testing";
		};
/* End PBXNativeTarget section */

/* Begin PBXProject section */
		CF85C2BF2A76E49F0097B152 /* Project object */ = {
			isa = PBXProject;
			attributes = {
				BuildIndependentTargetsInParallel = 1;
				LastSwiftUpdateCheck = 1420;
				LastUpgradeCheck = 1420;
				TargetAttributes = {
					CF85C2C62A76E49F0097B152 = {
						CreatedOnToolsVersion = 14.2;
					};
					CF85C2DF2A76E4A40097B152 = {
						CreatedOnToolsVersion = 14.2;
						TestTargetID = CF85C2C62A76E49F0097B152;
					};
					CF85C2E92A76E4A40097B152 = {
						CreatedOnToolsVersion = 14.2;
						TestTargetID = CF85C2C62A76E49F0097B152;
					};
				};
			};
			buildConfigurationList = CF85C2C22A76E49F0097B152 /* Build configuration list for PBXProject "Latest News" */;
			compatibilityVersion = "Xcode 14.0";
			developmentRegion = en;
			hasScannedForEncodings = 0;
			knownRegions = (
				en,
				Base,
			);
			mainGroup = CF85C2BE2A76E49F0097B152;
			productRefGroup = CF85C2C82A76E49F0097B152 /* Products */;
			projectDirPath = "";
			projectRoot = "";
			targets = (
				CF85C2C62A76E49F0097B152 /* Latest News */,
				CF85C2DF2A76E4A40097B152 /* Latest NewsTests */,
				CF85C2E92A76E4A40097B152 /* Latest NewsUITests */,
			);
		};
/* End PBXProject section */

/* Begin PBXResourcesBuildPhase section */
		CF85C2C52A76E49F0097B152 /* Resources */ = {
			isa = PBXResourcesBuildPhase;
			buildActionMask = 2147483647;
			files = (
				CF85C2DA2A76E4A30097B152 /* LaunchScreen.storyboard in Resources */,
				CF85C2D72A76E4A30097B152 /* Assets.xcassets in Resources */,
				CF85C2D22A76E49F0097B152 /* Main.storyboard in Resources */,
			);
			runOnlyForDeploymentPostprocessing = 0;
		};
		CF85C2DE2A76E4A40097B152 /* Resources */ = {
			isa = PBXResourcesBuildPhase;
			buildActionMask = 2147483647;
			files = (
			);
			runOnlyForDeploymentPostprocessing = 0;
		};
		CF85C2E82A76E4A40097B152 /* Resources */ = {
			isa = PBXResourcesBuildPhase;
			buildActionMask = 2147483647;
			files = (
			);
			runOnlyForDeploymentPostprocessing = 0;
		};
/* End PBXResourcesBuildPhase section */

/* Begin PBXSourcesBuildPhase section */
		CF85C2C32A76E49F0097B152 /* Sources */ = {
			isa = PBXSourcesBuildPhase;
			buildActionMask = 2147483647;
			files = (
				CF85C2CF2A76E49F0097B152 /* ViewController.swift in Sources */,
				CF85C2D52A76E49F0097B152 /* Latest_News.xcdatamodeld in Sources */,
				CF85C2CB2A76E49F0097B152 /* AppDelegate.swift in Sources */,
				CF85C2CD2A76E49F0097B152 /* SceneDelegate.swift in Sources */,
			);
			runOnlyForDeploymentPostprocessing = 0;
		};
		CF85C2DC2A76E4A40097B152 /* Sources */ = {
			isa = PBXSourcesBuildPhase;
			buildActionMask = 2147483647;
			files = (
				CF85C2E52A76E4A40097B152 /* Latest_NewsTests.swift in Sources */,
			);
			runOnlyForDeploymentPostprocessing = 0;
		};
		CF85C2E62A76E4A40097B152 /* Sources */ = {
			isa = PBXSourcesBuildPhase;
			buildActionMask = 2147483647;
			files = (
				CF85C2F12A76E4A40097B152 /* Latest_NewsUITestsLaunchTests.swift in Sources */,
				CF85C2EF2A76E4A40097B152 /* Latest_NewsUITests.swift in Sources */,
			);
			runOnlyForDeploymentPostprocessing = 0;
		};
/* End PBXSourcesBuildPhase section */

/* Begin PBXTargetDependency section */
		CF85C2E22A76E4A40097B152 /* PBXTargetDependency */ = {
			isa = PBXTargetDependency;
			target = CF85C2C62A76E49F0097B152 /* Latest News */;
			targetProxy = CF85C2E12A76E4A40097B152 /* PBXContainerItemProxy */;
		};
		CF85C2EC2A76E4A40097B152 /* PBXTargetDependency */ = {
			isa = PBXTargetDependency;
			target = CF85C2C62A76E49F0097B152 /* Latest News */;
			targetProxy = CF85C2EB2A76E4A40097B152 /* PBXContainerItemProxy */;
		};
/* End PBXTargetDependency section */

/* Begin PBXVariantGroup section */
		CF85C2D02A76E49F0097B152 /* Main.storyboard */ = {
			isa = PBXVariantGroup;
			children = (
				CF85C2D12A76E49F0097B152 /* Base */,
			);
			name = Main.storyboard;
			sourceTree = "<group>";
		};
		CF85C2D82A76E4A30097B152 /* LaunchScreen.storyboard */ = {
			isa = PBXVariantGroup;
			children = (
				CF85C2D92A76E4A30097B152 /* Base */,
			);
			name = LaunchScreen.storyboard;
			sourceTree = "<group>";
		};
/* End PBXVariantGroup section */

/* Begin XCBuildConfiguration section */
		CF85C2F22A76E4A40097B152 /* Debug */ = {
			isa = XCBuildConfiguration;
			buildSettings = {
				ALWAYS_SEARCH_USER_PATHS = NO;
				CLANG_ANALYZER_NONNULL = YES;
				CLANG_ANALYZER_NUMBER_OBJECT_CONVERSION = YES_AGGRESSIVE;
				CLANG_CXX_LANGUAGE_STANDARD = "gnu++20";
				CLANG_ENABLE_MODULES = YES;
				CLANG_ENABLE_OBJC_ARC = YES;
				CLANG_ENABLE_OBJC_WEAK = YES;
				CLANG_WARN_BLOCK_CAPTURE_AUTORELEASING = YES;
				CLANG_WARN_BOOL_CONVERSION = YES;
				CLANG_WARN_COMMA = YES;
				CLANG_WARN_CONSTANT_CONVERSION = YES;
				CLANG_WARN_DEPRECATED_OBJC_IMPLEMENTATIONS = YES;
				CLANG_WARN_DIRECT_OBJC_ISA_USAGE = YES_ERROR;
				CLANG_WARN_DOCUMENTATION_COMMENTS = YES;
				CLANG_WARN_EMPTY_BODY = YES;
				CLANG_WARN_ENUM_CONVERSION = YES;
				CLANG_WARN_INFINITE_RECURSION = YES;
				CLANG_WARN_INT_CONVERSION = YES;
				CLANG_WARN_NON_LITERAL_NULL_CONVERSION = YES;
				CLANG_WARN_OBJC_IMPLICIT_RETAIN_SELF = YES;
				CLANG_WARN_OBJC_LITERAL_CONVERSION = YES;
				CLANG_WARN_OBJC_ROOT_CLASS = YES_ERROR;
				CLANG_WARN_QUOTED_INCLUDE_IN_FRAMEWORK_HEADER = YES;
				CLANG_WARN_RANGE_LOOP_ANALYSIS = YES;
				CLANG_WARN_STRICT_PROTOTYPES = YES;
				CLANG_WARN_SUSPICIOUS_MOVE = YES;
				CLANG_WARN_UNGUARDED_AVAILABILITY = YES_AGGRESSIVE;
				CLANG_WARN_UNREACHABLE_CODE = YES;
				CLANG_WARN__DUPLICATE_METHOD_MATCH = YES;
				COPY_PHASE_STRIP = NO;
				DEBUG_INFORMATION_FORMAT = dwarf;
				ENABLE_STRICT_OBJC_MSGSEND = YES;
				ENABLE_TESTABILITY = YES;
				GCC_C_LANGUAGE_STANDARD = gnu11;
				GCC_DYNAMIC_NO_PIC = NO;
				GCC_NO_COMMON_BLOCKS = YES;
				GCC_OPTIMIZATION_LEVEL = 0;
				GCC_PREPROCESSOR_DEFINITIONS = (
					"DEBUG=1",
					"$(inherited)",
				);
				GCC_WARN_64_TO_32_BIT_CONVERSION = YES;
				GCC_WARN_ABOUT_RETURN_TYPE = YES_ERROR;
				GCC_WARN_UNDECLARED_SELECTOR = YES;
				GCC_WARN_UNINITIALIZED_AUTOS = YES_AGGRESSIVE;
				GCC_WARN_UNUSED_FUNCTION = YES;
				GCC_WARN_UNUSED_VARIABLE = YES;
				IPHONEOS_DEPLOYMENT_TARGET = 16.2;
				MTL_ENABLE_DEBUG_INFO = INCLUDE_SOURCE;
				MTL_FAST_MATH = YES;
				ONLY_ACTIVE_ARCH = YES;
				SDKROOT = iphoneos;
				SWIFT_ACTIVE_COMPILATION_CONDITIONS = DEBUG;
				SWIFT_OPTIMIZATION_LEVEL = "-Onone";
			};
			name = Debug;
		};
		CF85C2F32A76E4A40097B152 /* Release */ = {
			isa = XCBuildConfiguration;
			buildSettings = {
				ALWAYS_SEARCH_USER_PATHS = NO;
				CLANG_ANALYZER_NONNULL = YES;
				CLANG_ANALYZER_NUMBER_OBJECT_CONVERSION = YES_AGGRESSIVE;
				CLANG_CXX_LANGUAGE_STANDARD = "gnu++20";
				CLANG_ENABLE_MODULES = YES;
				CLANG_ENABLE_OBJC_ARC = YES;
				CLANG_ENABLE_OBJC_WEAK = YES;
				CLANG_WARN_BLOCK_CAPTURE_AUTORELEASING = YES;
				CLANG_WARN_BOOL_CONVERSION = YES;
				CLANG_WARN_COMMA = YES;
				CLANG_WARN_CONSTANT_CONVERSION = YES;
				CLANG_WARN_DEPRECATED_OBJC_IMPLEMENTATIONS = YES;
				CLANG_WARN_DIRECT_OBJC_ISA_USAGE = YES_ERROR;
				CLANG_WARN_DOCUMENTATION_COMMENTS = YES;
				CLANG_WARN_EMPTY_BODY = YES;
				CLANG_WARN_ENUM_CONVERSION = YES;
				CLANG_WARN_INFINITE_RECURSION = YES;
				CLANG_WARN_INT_CONVERSION = YES;
				CLANG_WARN_NON_LITERAL_NULL_CONVERSION = YES;
				CLANG_WARN_OBJC_IMPLICIT_RETAIN_SELF = YES;
				CLANG_WARN_OBJC_LITERAL_CONVERSION = YES;
				CLANG_WARN_OBJC_ROOT_CLASS = YES_ERROR;
				CLANG_WARN_QUOTED_INCLUDE_IN_FRAMEWORK_HEADER = YES;
				CLANG_WARN_RANGE_LOOP_ANALYSIS = YES;
				CLANG_WARN_STRICT_PROTOTYPES = YES;
				CLANG_WARN_SUSPICIOUS_MOVE = YES;
				CLANG_WARN_UNGUARDED_AVAILABILITY = YES_AGGRESSIVE;
				CLANG_WARN_UNREACHABLE_CODE = YES;
				CLANG_WARN__DUPLICATE_METHOD_MATCH = YES;
				COPY_PHASE_STRIP = NO;
				DEBUG_INFORMATION_FORMAT = "dwarf-with-dsym";
				ENABLE_NS_ASSERTIONS = NO;
				ENABLE_STRICT_OBJC_MSGSEND = YES;
				GCC_C_LANGUAGE_STANDARD = gnu11;
				GCC_NO_COMMON_BLOCKS = YES;
				GCC_WARN_64_TO_32_BIT_CONVERSION = YES;
				GCC_WARN_ABOUT_RETURN_TYPE = YES_ERROR;
				GCC_WARN_UNDECLARED_SELECTOR = YES;
				GCC_WARN_UNINITIALIZED_AUTOS = YES_AGGRESSIVE;
				GCC_WARN_UNUSED_FUNCTION = YES;
				GCC_WARN_UNUSED_VARIABLE = YES;
				IPHONEOS_DEPLOYMENT_TARGET = 16.2;
				MTL_ENABLE_DEBUG_INFO = NO;
				MTL_FAST_MATH = YES;
				SDKROOT = iphoneos;
				SWIFT_COMPILATION_MODE = wholemodule;
				SWIFT_OPTIMIZATION_LEVEL = "-O";
				VALIDATE_PRODUCT = YES;
			};
			name = Release;
		};
		CF85C2F52A76E4A40097B152 /* Debug */ = {
			isa = XCBuildConfiguration;
			buildSettings = {
				ASSETCATALOG_COMPILER_APPICON_NAME = AppIcon;
				ASSETCATALOG_COMPILER_GLOBAL_ACCENT_COLOR_NAME = AccentColor;
				CODE_SIGN_STYLE = Automatic;
				CURRENT_PROJECT_VERSION = 1;
				GENERATE_INFOPLIST_FILE = YES;
				INFOPLIST_FILE = "Latest News/Info.plist";
				INFOPLIST_KEY_UIApplicationSupportsIndirectInputEvents = YES;
				INFOPLIST_KEY_UILaunchStoryboardName = LaunchScreen;
				INFOPLIST_KEY_UIMainStoryboardFile = Main;
				INFOPLIST_KEY_UISupportedInterfaceOrientations_iPad = "UIInterfaceOrientationPortrait UIInterfaceOrientationPortraitUpsideDown UIInterfaceOrientationLandscapeLeft UIInterfaceOrientationLandscapeRight";
				INFOPLIST_KEY_UISupportedInterfaceOrientations_iPhone = "UIInterfaceOrientationPortrait UIInterfaceOrientationLandscapeLeft UIInterfaceOrientationLandscapeRight";
				LD_RUNPATH_SEARCH_PATHS = (
					"$(inherited)",
					"@executable_path/Frameworks",
				);
				MARKETING_VERSION = 1.0;
				PRODUCT_BUNDLE_IDENTIFIER = "soha.Latest-News";
				PRODUCT_NAME = "$(TARGET_NAME)";
				SWIFT_EMIT_LOC_STRINGS = YES;
				SWIFT_VERSION = 5.0;
				TARGETED_DEVICE_FAMILY = "1,2";
			};
			name = Debug;
		};
		CF85C2F62A76E4A40097B152 /* Release */ = {
			isa = XCBuildConfiguration;
			buildSettings = {
				ASSETCATALOG_COMPILER_APPICON_NAME = AppIcon;
				ASSETCATALOG_COMPILER_GLOBAL_ACCENT_COLOR_NAME = AccentColor;
				CODE_SIGN_STYLE = Automatic;
				CURRENT_PROJECT_VERSION = 1;
				GENERATE_INFOPLIST_FILE = YES;
				INFOPLIST_FILE = "Latest News/Info.plist";
				INFOPLIST_KEY_UIApplicationSupportsIndirectInputEvents = YES;
				INFOPLIST_KEY_UILaunchStoryboardName = LaunchScreen;
				INFOPLIST_KEY_UIMainStoryboardFile = Main;
				INFOPLIST_KEY_UISupportedInterfaceOrientations_iPad = "UIInterfaceOrientationPortrait UIInterfaceOrientationPortraitUpsideDown UIInterfaceOrientationLandscapeLeft UIInterfaceOrientationLandscapeRight";
				INFOPLIST_KEY_UISupportedInterfaceOrientations_iPhone = "UIInterfaceOrientationPortrait UIInterfaceOrientationLandscapeLeft UIInterfaceOrientationLandscapeRight";
				LD_RUNPATH_SEARCH_PATHS = (
					"$(inherited)",
					"@executable_path/Frameworks",
				);
				MARKETING_VERSION = 1.0;
				PRODUCT_BUNDLE_IDENTIFIER = "soha.Latest-News";
				PRODUCT_NAME = "$(TARGET_NAME)";
				SWIFT_EMIT_LOC_STRINGS = YES;
				SWIFT_VERSION = 5.0;
				TARGETED_DEVICE_FAMILY = "1,2";
			};
			name = Release;
		};
		CF85C2F82A76E4A40097B152 /* Debug */ = {
			isa = XCBuildConfiguration;
			buildSettings = {
				ALWAYS_EMBED_SWIFT_STANDARD_LIBRARIES = YES;
				BUNDLE_LOADER = "$(TEST_HOST)";
				CODE_SIGN_STYLE = Automatic;
				CURRENT_PROJECT_VERSION = 1;
				GENERATE_INFOPLIST_FILE = YES;
				IPHONEOS_DEPLOYMENT_TARGET = 16.2;
				MARKETING_VERSION = 1.0;
				PRODUCT_BUNDLE_IDENTIFIER = "soha.Latest-NewsTests";
				PRODUCT_NAME = "$(TARGET_NAME)";
				SWIFT_EMIT_LOC_STRINGS = NO;
				SWIFT_VERSION = 5.0;
				TARGETED_DEVICE_FAMILY = "1,2";
				TEST_HOST = "$(BUILT_PRODUCTS_DIR)/Latest News.app/$(BUNDLE_EXECUTABLE_FOLDER_PATH)/Latest News";
			};
			name = Debug;
		};
		CF85C2F92A76E4A40097B152 /* Release */ = {
			isa = XCBuildConfiguration;
			buildSettings = {
				ALWAYS_EMBED_SWIFT_STANDARD_LIBRARIES = YES;
				BUNDLE_LOADER = "$(TEST_HOST)";
				CODE_SIGN_STYLE = Automatic;
				CURRENT_PROJECT_VERSION = 1;
				GENERATE_INFOPLIST_FILE = YES;
				IPHONEOS_DEPLOYMENT_TARGET = 16.2;
				MARKETING_VERSION = 1.0;
				PRODUCT_BUNDLE_IDENTIFIER = "soha.Latest-NewsTests";
				PRODUCT_NAME = "$(TARGET_NAME)";
				SWIFT_EMIT_LOC_STRINGS = NO;
				SWIFT_VERSION = 5.0;
				TARGETED_DEVICE_FAMILY = "1,2";
				TEST_HOST = "$(BUILT_PRODUCTS_DIR)/Latest News.app/$(BUNDLE_EXECUTABLE_FOLDER_PATH)/Latest News";
			};
			name = Release;
		};
		CF85C2FB2A76E4A40097B152 /* Debug */ = {
			isa = XCBuildConfiguration;
			buildSettings = {
				ALWAYS_EMBED_SWIFT_STANDARD_LIBRARIES = YES;
				CODE_SIGN_STYLE = Automatic;
				CURRENT_PROJECT_VERSION = 1;
				GENERATE_INFOPLIST_FILE = YES;
				MARKETING_VERSION = 1.0;
				PRODUCT_BUNDLE_IDENTIFIER = "soha.Latest-NewsUITests";
				PRODUCT_NAME = "$(TARGET_NAME)";
				SWIFT_EMIT_LOC_STRINGS = NO;
				SWIFT_VERSION = 5.0;
				TARGETED_DEVICE_FAMILY = "1,2";
				TEST_TARGET_NAME = "Latest News";
			};
			name = Debug;
		};
		CF85C2FC2A76E4A40097B152 /* Release */ = {
			isa = XCBuildConfiguration;
			buildSettings = {
				ALWAYS_EMBED_SWIFT_STANDARD_LIBRARIES = YES;
				CODE_SIGN_STYLE = Automatic;
				CURRENT_PROJECT_VERSION = 1;
				GENERATE_INFOPLIST_FILE = YES;
				MARKETING_VERSION = 1.0;
				PRODUCT_BUNDLE_IDENTIFIER = "soha.Latest-NewsUITests";
				PRODUCT_NAME = "$(TARGET_NAME)";
				SWIFT_EMIT_LOC_STRINGS = NO;
				SWIFT_VERSION = 5.0;
				TARGETED_DEVICE_FAMILY = "1,2";
				TEST_TARGET_NAME = "Latest News";
			};
			name = Release;
		};
/* End XCBuildConfiguration section */

/* Begin XCConfigurationList section */
		CF85C2C22A76E49F0097B152 /* Build configuration list for PBXProject "Latest News" */ = {
			isa = XCConfigurationList;
			buildConfigurations = (
				CF85C2F22A76E4A40097B152 /* Debug */,
				CF85C2F32A76E4A40097B152 /* Release */,
			);
			defaultConfigurationIsVisible = 0;
			defaultConfigurationName = Release;
		};
		CF85C2F42A76E4A40097B152 /* Build configuration list for PBXNativeTarget "Latest News" */ = {
			isa = XCConfigurationList;
			buildConfigurations = (
				CF85C2F52A76E4A40097B152 /* Debug */,
				CF85C2F62A76E4A40097B152 /* Release */,
			);
			defaultConfigurationIsVisible = 0;
			defaultConfigurationName = Release;
		};
		CF85C2F72A76E4A40097B152 /* Build configuration list for PBXNativeTarget "Latest NewsTests" */ = {
			isa = XCConfigurationList;
			buildConfigurations = (
				CF85C2F82A76E4A40097B152 /* Debug */,
				CF85C2F92A76E4A40097B152 /* Release */,
			);
			defaultConfigurationIsVisible = 0;
			defaultConfigurationName = Release;
		};
		CF85C2FA2A76E4A40097B152 /* Build configuration list for PBXNativeTarget "Latest NewsUITests" */ = {
			isa = XCConfigurationList;
			buildConfigurations = (
				CF85C2FB2A76E4A40097B152 /* Debug */,
				CF85C2FC2A76E4A40097B152 /* Release */,
			);
			defaultConfigurationIsVisible = 0;
			defaultConfigurationName = Release;
		};
/* End XCConfigurationList section */

/* Begin XCVersionGroup section */
		CF85C2D32A76E49F0097B152 /* Latest_News.xcdatamodeld */ = {
			isa = XCVersionGroup;
			children = (
				CF85C2D42A76E49F0097B152 /* Latest_News.xcdatamodel */,
			);
			currentVersion = CF85C2D42A76E49F0097B152 /* Latest_News.xcdatamodel */;
			path = Latest_News.xcdatamodeld;
			sourceTree = "<group>";
			versionGroupType = wrapper.xcdatamodel;
		};
/* End XCVersionGroup section */
	};
	rootObject = CF85C2BF2A76E49F0097B152 /* Project object */;
}
